# This file is automatically @generated by Cargo.
# It is not intended for manual editing.
version = 4

[[package]]
name = "assert_float_eq"
version = "1.1.4"
source = "registry+https://github.com/rust-lang/crates.io-index"
checksum = "10d2119f741b79fe9907f5396d19bffcb46568cfcc315e78677d731972ac7085"

[[package]]
name = "micrograd"
version = "0.1.0"
dependencies = [
 "assert_float_eq",
]
